// !$*UTF8*$!
{
	archiveVersion = 1;
	classes = {
	};
	objectVersion = 55;
	objects = {

/* Begin PBXBuildFile section */
		0057CE0E28B9B09B005A105A /* ResizingTextView in Frameworks */ = {isa = PBXBuildFile; productRef = 0057CE0D28B9B09B005A105A /* ResizingTextView */; };
		0057CE1028B9B0A2005A105A /* ResizingTextView in Frameworks */ = {isa = PBXBuildFile; productRef = 0057CE0F28B9B0A2005A105A /* ResizingTextView */; };
		00A1DAC528B9AEE900C5016B /* ExampleApp.swift in Sources */ = {isa = PBXBuildFile; fileRef = 00A1DAC428B9AEE900C5016B /* ExampleApp.swift */; };
		00A1DAC728B9AEE900C5016B /* ContentView.swift in Sources */ = {isa = PBXBuildFile; fileRef = 00A1DAC628B9AEE900C5016B /* ContentView.swift */; };
		00A1DAC928B9AEEA00C5016B /* Assets.xcassets in Resources */ = {isa = PBXBuildFile; fileRef = 00A1DAC828B9AEEA00C5016B /* Assets.xcassets */; };
		00A1DACC28B9AEEA00C5016B /* Preview Assets.xcassets in Resources */ = {isa = PBXBuildFile; fileRef = 00A1DACB28B9AEEA00C5016B /* Preview Assets.xcassets */; };
		00A1DADD28B9AF2C00C5016B /* Assets.xcassets in Resources */ = {isa = PBXBuildFile; fileRef = 00A1DADC28B9AF2C00C5016B /* Assets.xcassets */; };
		00A1DAE028B9AF2C00C5016B /* Preview Assets.xcassets in Resources */ = {isa = PBXBuildFile; fileRef = 00A1DADF28B9AF2C00C5016B /* Preview Assets.xcassets */; };
		00A1DAE928B9AFBB00C5016B /* ContentView.swift in Sources */ = {isa = PBXBuildFile; fileRef = 00A1DAC628B9AEE900C5016B /* ContentView.swift */; };
		00A1DAEA28B9AFBB00C5016B /* ExampleApp.swift in Sources */ = {isa = PBXBuildFile; fileRef = 00A1DAC428B9AEE900C5016B /* ExampleApp.swift */; };
/* End PBXBuildFile section */

/* Begin PBXFileReference section */
		00A1DAC128B9AEE900C5016B /* Example (iOS).app */ = {isa = PBXFileReference; explicitFileType = wrapper.application; includeInIndex = 0; path = "Example (iOS).app"; sourceTree = BUILT_PRODUCTS_DIR; };
		00A1DAC428B9AEE900C5016B /* ExampleApp.swift */ = {isa = PBXFileReference; lastKnownFileType = sourcecode.swift; path = ExampleApp.swift; sourceTree = "<group>"; };
		00A1DAC628B9AEE900C5016B /* ContentView.swift */ = {isa = PBXFileReference; lastKnownFileType = sourcecode.swift; path = ContentView.swift; sourceTree = "<group>"; };
		00A1DAC828B9AEEA00C5016B /* Assets.xcassets */ = {isa = PBXFileReference; lastKnownFileType = folder.assetcatalog; path = Assets.xcassets; sourceTree = "<group>"; };
		00A1DACB28B9AEEA00C5016B /* Preview Assets.xcassets */ = {isa = PBXFileReference; lastKnownFileType = folder.assetcatalog; path = "Preview Assets.xcassets"; sourceTree = "<group>"; };
		00A1DAD628B9AF2B00C5016B /* Example (macOS).app */ = {isa = PBXFileReference; explicitFileType = wrapper.application; includeInIndex = 0; path = "Example (macOS).app"; sourceTree = BUILT_PRODUCTS_DIR; };
		00A1DADC28B9AF2C00C5016B /* Assets.xcassets */ = {isa = PBXFileReference; lastKnownFileType = folder.assetcatalog; path = Assets.xcassets; sourceTree = "<group>"; };
		00A1DADF28B9AF2C00C5016B /* Preview Assets.xcassets */ = {isa = PBXFileReference; lastKnownFileType = folder.assetcatalog; path = "Preview Assets.xcassets"; sourceTree = "<group>"; };
		00A1DAE128B9AF2C00C5016B /* Example__macOS_.entitlements */ = {isa = PBXFileReference; lastKnownFileType = text.plist.entitlements; path = Example__macOS_.entitlements; sourceTree = "<group>"; };
		00A1DAE628B9AF6000C5016B /* ResizingTextView */ = {isa = PBXFileReference; lastKnownFileType = wrapper; name = ResizingTextView; path = ..; sourceTree = "<group>"; };
/* End PBXFileReference section */

/* Begin PBXFrameworksBuildPhase section */
		00A1DABE28B9AEE900C5016B /* Frameworks */ = {
			isa = PBXFrameworksBuildPhase;
			buildActionMask = 2147483647;
			files = (
				0057CE1028B9B0A2005A105A /* ResizingTextView in Frameworks */,
			);
			runOnlyForDeploymentPostprocessing = 0;
		};
		00A1DAD328B9AF2B00C5016B /* Frameworks */ = {
			isa = PBXFrameworksBuildPhase;
			buildActionMask = 2147483647;
			files = (
				0057CE0E28B9B09B005A105A /* ResizingTextView in Frameworks */,
			);
			runOnlyForDeploymentPostprocessing = 0;
		};
/* End PBXFrameworksBuildPhase section */

/* Begin PBXGroup section */
		0057CE0C28B9B09B005A105A /* Frameworks */ = {
			isa = PBXGroup;
			children = (
			);
			name = Frameworks;
			sourceTree = "<group>";
		};
		00A1DAB828B9AEE900C5016B = {
			isa = PBXGroup;
			children = (
				00A1DAE528B9AF6000C5016B /* Packages */,
				00A1DAE828B9AF8800C5016B /* Example (Shared) */,
				00A1DAC328B9AEE900C5016B /* Example (iOS) */,
				00A1DAD728B9AF2B00C5016B /* Example (macOS) */,
				00A1DAC228B9AEE900C5016B /* Products */,
				0057CE0C28B9B09B005A105A /* Frameworks */,
			);
			sourceTree = "<group>";
		};
		00A1DAC228B9AEE900C5016B /* Products */ = {
			isa = PBXGroup;
			children = (
				00A1DAC128B9AEE900C5016B /* Example (iOS).app */,
				00A1DAD628B9AF2B00C5016B /* Example (macOS).app */,
			);
			name = Products;
			sourceTree = "<group>";
		};
		00A1DAC328B9AEE900C5016B /* Example (iOS) */ = {
			isa = PBXGroup;
			children = (
				00A1DAC828B9AEEA00C5016B /* Assets.xcassets */,
				00A1DACA28B9AEEA00C5016B /* Preview Content */,
			);
			path = "Example (iOS)";
			sourceTree = "<group>";
		};
		00A1DACA28B9AEEA00C5016B /* Preview Content */ = {
			isa = PBXGroup;
			children = (
				00A1DACB28B9AEEA00C5016B /* Preview Assets.xcassets */,
			);
			path = "Preview Content";
			sourceTree = "<group>";
		};
		00A1DAD728B9AF2B00C5016B /* Example (macOS) */ = {
			isa = PBXGroup;
			children = (
				00A1DADC28B9AF2C00C5016B /* Assets.xcassets */,
				00A1DAE128B9AF2C00C5016B /* Example__macOS_.entitlements */,
				00A1DADE28B9AF2C00C5016B /* Preview Content */,
			);
			path = "Example (macOS)";
			sourceTree = "<group>";
		};
		00A1DADE28B9AF2C00C5016B /* Preview Content */ = {
			isa = PBXGroup;
			children = (
				00A1DADF28B9AF2C00C5016B /* Preview Assets.xcassets */,
			);
			path = "Preview Content";
			sourceTree = "<group>";
		};
		00A1DAE528B9AF6000C5016B /* Packages */ = {
			isa = PBXGroup;
			children = (
				00A1DAE628B9AF6000C5016B /* ResizingTextView */,
			);
			name = Packages;
			sourceTree = "<group>";
		};
		00A1DAE828B9AF8800C5016B /* Example (Shared) */ = {
			isa = PBXGroup;
			children = (
				00A1DAC428B9AEE900C5016B /* ExampleApp.swift */,
				00A1DAC628B9AEE900C5016B /* ContentView.swift */,
			);
			path = "Example (Shared)";
			sourceTree = "<group>";
		};
/* End PBXGroup section */

/* Begin PBXNativeTarget section */
		00A1DAC028B9AEE900C5016B /* Example (iOS) */ = {
			isa = PBXNativeTarget;
			buildConfigurationList = 00A1DACF28B9AEEA00C5016B /* Build configuration list for PBXNativeTarget "Example (iOS)" */;
			buildPhases = (
				00A1DABD28B9AEE900C5016B /* Sources */,
				00A1DABE28B9AEE900C5016B /* Frameworks */,
				00A1DABF28B9AEE900C5016B /* Resources */,
			);
			buildRules = (
			);
			dependencies = (
			);
			name = "Example (iOS)";
			packageProductDependencies = (
				0057CE0F28B9B0A2005A105A /* ResizingTextView */,
			);
			productName = Example;
			productReference = 00A1DAC128B9AEE900C5016B /* Example (iOS).app */;
			productType = "com.apple.product-type.application";
		};
		00A1DAD528B9AF2B00C5016B /* Example (macOS) */ = {
			isa = PBXNativeTarget;
			buildConfigurationList = 00A1DAE228B9AF2C00C5016B /* Build configuration list for PBXNativeTarget "Example (macOS)" */;
			buildPhases = (
				00A1DAD228B9AF2B00C5016B /* Sources */,
				00A1DAD328B9AF2B00C5016B /* Frameworks */,
				00A1DAD428B9AF2B00C5016B /* Resources */,
			);
			buildRules = (
			);
			dependencies = (
			);
			name = "Example (macOS)";
			packageProductDependencies = (
				0057CE0D28B9B09B005A105A /* ResizingTextView */,
			);
			productName = "Example (macOS)";
			productReference = 00A1DAD628B9AF2B00C5016B /* Example (macOS).app */;
			productType = "com.apple.product-type.application";
		};
/* End PBXNativeTarget section */

/* Begin PBXProject section */
		00A1DAB928B9AEE900C5016B /* Project object */ = {
			isa = PBXProject;
			attributes = {
				BuildIndependentTargetsInParallel = 1;
				LastSwiftUpdateCheck = 1340;
				LastUpgradeCheck = 1340;
				TargetAttributes = {
					00A1DAC028B9AEE900C5016B = {
						CreatedOnToolsVersion = 13.4.1;
					};
					00A1DAD528B9AF2B00C5016B = {
						CreatedOnToolsVersion = 13.4.1;
					};
				};
			};
			buildConfigurationList = 00A1DABC28B9AEE900C5016B /* Build configuration list for PBXProject "Example" */;
			compatibilityVersion = "Xcode 13.0";
			developmentRegion = en;
			hasScannedForEncodings = 0;
			knownRegions = (
				en,
				Base,
			);
			mainGroup = 00A1DAB828B9AEE900C5016B;
			productRefGroup = 00A1DAC228B9AEE900C5016B /* Products */;
			projectDirPath = "";
			projectRoot = "";
			targets = (
				00A1DAC028B9AEE900C5016B /* Example (iOS) */,
				00A1DAD528B9AF2B00C5016B /* Example (macOS) */,
			);
		};
/* End PBXProject section */

/* Begin PBXResourcesBuildPhase section */
		00A1DABF28B9AEE900C5016B /* Resources */ = {
			isa = PBXResourcesBuildPhase;
			buildActionMask = 2147483647;
			files = (
				00A1DACC28B9AEEA00C5016B /* Preview Assets.xcassets in Resources */,
				00A1DAC928B9AEEA00C5016B /* Assets.xcassets in Resources */,
			);
			runOnlyForDeploymentPostprocessing = 0;
		};
		00A1DAD428B9AF2B00C5016B /* Resources */ = {
			isa = PBXResourcesBuildPhase;
			buildActionMask = 2147483647;
			files = (
				00A1DAE028B9AF2C00C5016B /* Preview Assets.xcassets in Resources */,
				00A1DADD28B9AF2C00C5016B /* Assets.xcassets in Resources */,
			);
			runOnlyForDeploymentPostprocessing = 0;
		};
/* End PBXResourcesBuildPhase section */

/* Begin PBXSourcesBuildPhase section */
		00A1DABD28B9AEE900C5016B /* Sources */ = {
			isa = PBXSourcesBuildPhase;
			buildActionMask = 2147483647;
			files = (
				00A1DAC728B9AEE900C5016B /* ContentView.swift in Sources */,
				00A1DAC528B9AEE900C5016B /* ExampleApp.swift in Sources */,
			);
			runOnlyForDeploymentPostprocessing = 0;
		};
		00A1DAD228B9AF2B00C5016B /* Sources */ = {
			isa = PBXSourcesBuildPhase;
			buildActionMask = 2147483647;
			files = (
				00A1DAEA28B9AFBB00C5016B /* ExampleApp.swift in Sources */,
				00A1DAE928B9AFBB00C5016B /* ContentView.swift in Sources */,
			);
			runOnlyForDeploymentPostprocessing = 0;
		};
/* End PBXSourcesBuildPhase section */

/* Begin XCBuildConfiguration section */
		00A1DACD28B9AEEA00C5016B /* Debug */ = {
			isa = XCBuildConfiguration;
			buildSettings = {
				ALWAYS_SEARCH_USER_PATHS = NO;
				CLANG_ANALYZER_NONNULL = YES;
				CLANG_ANALYZER_NUMBER_OBJECT_CONVERSION = YES_AGGRESSIVE;
				CLANG_CXX_LANGUAGE_STANDARD = "gnu++17";
				CLANG_ENABLE_MODULES = YES;
				CLANG_ENABLE_OBJC_ARC = YES;
				CLANG_ENABLE_OBJC_WEAK = YES;
				CLANG_WARN_BLOCK_CAPTURE_AUTORELEASING = YES;
				CLANG_WARN_BOOL_CONVERSION = YES;
				CLANG_WARN_COMMA = YES;
				CLANG_WARN_CONSTANT_CONVERSION = YES;
				CLANG_WARN_DEPRECATED_OBJC_IMPLEMENTATIONS = YES;
				CLANG_WARN_DIRECT_OBJC_ISA_USAGE = YES_ERROR;
				CLANG_WARN_DOCUMENTATION_COMMENTS = YES;
				CLANG_WARN_EMPTY_BODY = YES;
				CLANG_WARN_ENUM_CONVERSION = YES;
				CLANG_WARN_INFINITE_RECURSION = YES;
				CLANG_WARN_INT_CONVERSION = YES;
				CLANG_WARN_NON_LITERAL_NULL_CONVERSION = YES;
				CLANG_WARN_OBJC_IMPLICIT_RETAIN_SELF = YES;
				CLANG_WARN_OBJC_LITERAL_CONVERSION = YES;
				CLANG_WARN_OBJC_ROOT_CLASS = YES_ERROR;
				CLANG_WARN_QUOTED_INCLUDE_IN_FRAMEWORK_HEADER = YES;
				CLANG_WARN_RANGE_LOOP_ANALYSIS = YES;
				CLANG_WARN_STRICT_PROTOTYPES = YES;
				CLANG_WARN_SUSPICIOUS_MOVE = YES;
				CLANG_WARN_UNGUARDED_AVAILABILITY = YES_AGGRESSIVE;
				CLANG_WARN_UNREACHABLE_CODE = YES;
				CLANG_WARN__DUPLICATE_METHOD_MATCH = YES;
				COPY_PHASE_STRIP = NO;
				DEBUG_INFORMATION_FORMAT = dwarf;
				ENABLE_STRICT_OBJC_MSGSEND = YES;
				ENABLE_TESTABILITY = YES;
				GCC_C_LANGUAGE_STANDARD = gnu11;
				GCC_DYNAMIC_NO_PIC = NO;
				GCC_NO_COMMON_BLOCKS = YES;
				GCC_OPTIMIZATION_LEVEL = 0;
				GCC_PREPROCESSOR_DEFINITIONS = (
					"DEBUG=1",
					"$(inherited)",
				);
				GCC_WARN_64_TO_32_BIT_CONVERSION = YES;
				GCC_WARN_ABOUT_RETURN_TYPE = YES_ERROR;
				GCC_WARN_UNDECLARED_SELECTOR = YES;
				GCC_WARN_UNINITIALIZED_AUTOS = YES_AGGRESSIVE;
				GCC_WARN_UNUSED_FUNCTION = YES;
				GCC_WARN_UNUSED_VARIABLE = YES;
				IPHONEOS_DEPLOYMENT_TARGET = 15.5;
				MTL_ENABLE_DEBUG_INFO = INCLUDE_SOURCE;
				MTL_FAST_MATH = YES;
				ONLY_ACTIVE_ARCH = YES;
				SDKROOT = iphoneos;
				SWIFT_ACTIVE_COMPILATION_CONDITIONS = DEBUG;
				SWIFT_OPTIMIZATION_LEVEL = "-Onone";
			};
			name = Debug;
		};
		00A1DACE28B9AEEA00C5016B /* Release */ = {
			isa = XCBuildConfiguration;
			buildSettings = {
				ALWAYS_SEARCH_USER_PATHS = NO;
				CLANG_ANALYZER_NONNULL = YES;
				CLANG_ANALYZER_NUMBER_OBJECT_CONVERSION = YES_AGGRESSIVE;
				CLANG_CXX_LANGUAGE_STANDARD = "gnu++17";
				CLANG_ENABLE_MODULES = YES;
				CLANG_ENABLE_OBJC_ARC = YES;
				CLANG_ENABLE_OBJC_WEAK = YES;
				CLANG_WARN_BLOCK_CAPTURE_AUTORELEASING = YES;
				CLANG_WARN_BOOL_CONVERSION = YES;
				CLANG_WARN_COMMA = YES;
				CLANG_WARN_CONSTANT_CONVERSION = YES;
				CLANG_WARN_DEPRECATED_OBJC_IMPLEMENTATIONS = YES;
				CLANG_WARN_DIRECT_OBJC_ISA_USAGE = YES_ERROR;
				CLANG_WARN_DOCUMENTATION_COMMENTS = YES;
				CLANG_WARN_EMPTY_BODY = YES;
				CLANG_WARN_ENUM_CONVERSION = YES;
				CLANG_WARN_INFINITE_RECURSION = YES;
				CLANG_WARN_INT_CONVERSION = YES;
				CLANG_WARN_NON_LITERAL_NULL_CONVERSION = YES;
				CLANG_WARN_OBJC_IMPLICIT_RETAIN_SELF = YES;
				CLANG_WARN_OBJC_LITERAL_CONVERSION = YES;
				CLANG_WARN_OBJC_ROOT_CLASS = YES_ERROR;
				CLANG_WARN_QUOTED_INCLUDE_IN_FRAMEWORK_HEADER = YES;
				CLANG_WARN_RANGE_LOOP_ANALYSIS = YES;
				CLANG_WARN_STRICT_PROTOTYPES = YES;
				CLANG_WARN_SUSPICIOUS_MOVE = YES;
				CLANG_WARN_UNGUARDED_AVAILABILITY = YES_AGGRESSIVE;
				CLANG_WARN_UNREACHABLE_CODE = YES;
				CLANG_WARN__DUPLICATE_METHOD_MATCH = YES;
				COPY_PHASE_STRIP = NO;
				DEBUG_INFORMATION_FORMAT = "dwarf-with-dsym";
				ENABLE_NS_ASSERTIONS = NO;
				ENABLE_STRICT_OBJC_MSGSEND = YES;
				GCC_C_LANGUAGE_STANDARD = gnu11;
				GCC_NO_COMMON_BLOCKS = YES;
				GCC_WARN_64_TO_32_BIT_CONVERSION = YES;
				GCC_WARN_ABOUT_RETURN_TYPE = YES_ERROR;
				GCC_WARN_UNDECLARED_SELECTOR = YES;
				GCC_WARN_UNINITIALIZED_AUTOS = YES_AGGRESSIVE;
				GCC_WARN_UNUSED_FUNCTION = YES;
				GCC_WARN_UNUSED_VARIABLE = YES;
				IPHONEOS_DEPLOYMENT_TARGET = 15.5;
				MTL_ENABLE_DEBUG_INFO = NO;
				MTL_FAST_MATH = YES;
				SDKROOT = iphoneos;
				SWIFT_COMPILATION_MODE = wholemodule;
				SWIFT_OPTIMIZATION_LEVEL = "-O";
				VALIDATE_PRODUCT = YES;
			};
			name = Release;
		};
		00A1DAD028B9AEEA00C5016B /* Debug */ = {
			isa = XCBuildConfiguration;
			buildSettings = {
				ASSETCATALOG_COMPILER_APPICON_NAME = AppIcon;
				ASSETCATALOG_COMPILER_GLOBAL_ACCENT_COLOR_NAME = AccentColor;
				CODE_SIGN_STYLE = Automatic;
				CURRENT_PROJECT_VERSION = 1;
				DEVELOPMENT_ASSET_PATHS = "\"Example (iOS)/Preview Content\"";
				DEVELOPMENT_TEAM = ZVWN4UJS9M;
				ENABLE_PREVIEWS = YES;
				GENERATE_INFOPLIST_FILE = YES;
				INFOPLIST_KEY_UIApplicationSceneManifest_Generation = YES;
				INFOPLIST_KEY_UIApplicationSupportsIndirectInputEvents = YES;
				INFOPLIST_KEY_UILaunchScreen_Generation = YES;
				INFOPLIST_KEY_UISupportedInterfaceOrientations_iPad = "UIInterfaceOrientationPortrait UIInterfaceOrientationPortraitUpsideDown UIInterfaceOrientationLandscapeLeft UIInterfaceOrientationLandscapeRight";
				INFOPLIST_KEY_UISupportedInterfaceOrientations_iPhone = "UIInterfaceOrientationPortrait UIInterfaceOrientationLandscapeLeft UIInterfaceOrientationLandscapeRight";
				LD_RUNPATH_SEARCH_PATHS = (
					"$(inherited)",
					"@executable_path/Frameworks",
				);
				MARKETING_VERSION = 1.0;
				PRODUCT_BUNDLE_IDENTIFIER = io.github.mshibanami.Example;
				PRODUCT_NAME = "$(TARGET_NAME)";
				SWIFT_EMIT_LOC_STRINGS = YES;
				SWIFT_VERSION = 5.0;
				TARGETED_DEVICE_FAMILY = "1,2";
			};
			name = Debug;
		};
		00A1DAD128B9AEEA00C5016B /* Release */ = {
			isa = XCBuildConfiguration;
			buildSettings = {
				ASSETCATALOG_COMPILER_APPICON_NAME = AppIcon;
				ASSETCATALOG_COMPILER_GLOBAL_ACCENT_COLOR_NAME = AccentColor;
				CODE_SIGN_STYLE = Automatic;
				CURRENT_PROJECT_VERSION = 1;
				DEVELOPMENT_ASSET_PATHS = "\"Example (iOS)/Preview Content\"";
				DEVELOPMENT_TEAM = ZVWN4UJS9M;
				ENABLE_PREVIEWS = YES;
				GENERATE_INFOPLIST_FILE = YES;
				INFOPLIST_KEY_UIApplicationSceneManifest_Generation = YES;
				INFOPLIST_KEY_UIApplicationSupportsIndirectInputEvents = YES;
				INFOPLIST_KEY_UILaunchScreen_Generation = YES;
				INFOPLIST_KEY_UISupportedInterfaceOrientations_iPad = "UIInterfaceOrientationPortrait UIInterfaceOrientationPortraitUpsideDown UIInterfaceOrientationLandscapeLeft UIInterfaceOrientationLandscapeRight";
				INFOPLIST_KEY_UISupportedInterfaceOrientations_iPhone = "UIInterfaceOrientationPortrait UIInterfaceOrientationLandscapeLeft UIInterfaceOrientationLandscapeRight";
				LD_RUNPATH_SEARCH_PATHS = (
					"$(inherited)",
					"@executable_path/Frameworks",
				);
				MARKETING_VERSION = 1.0;
				PRODUCT_BUNDLE_IDENTIFIER = io.github.mshibanami.Example;
				PRODUCT_NAME = "$(TARGET_NAME)";
				SWIFT_EMIT_LOC_STRINGS = YES;
				SWIFT_VERSION = 5.0;
				TARGETED_DEVICE_FAMILY = "1,2";
			};
			name = Release;
		};
		00A1DAE328B9AF2C00C5016B /* Debug */ = {
			isa = XCBuildConfiguration;
			buildSettings = {
				ASSETCATALOG_COMPILER_APPICON_NAME = AppIcon;
				ASSETCATALOG_COMPILER_GLOBAL_ACCENT_COLOR_NAME = AccentColor;
				CODE_SIGN_ENTITLEMENTS = "Example (macOS)/Example__macOS_.entitlements";
				CODE_SIGN_STYLE = Automatic;
				COMBINE_HIDPI_IMAGES = YES;
				CURRENT_PROJECT_VERSION = 1;
				DEVELOPMENT_ASSET_PATHS = "\"Example (macOS)/Preview Content\"";
				DEVELOPMENT_TEAM = ZVWN4UJS9M;
				ENABLE_HARDENED_RUNTIME = YES;
				ENABLE_PREVIEWS = YES;
				GENERATE_INFOPLIST_FILE = YES;
				INFOPLIST_KEY_NSHumanReadableCopyright = "";
				LD_RUNPATH_SEARCH_PATHS = (
					"$(inherited)",
					"@executable_path/../Frameworks",
				);
				MACOSX_DEPLOYMENT_TARGET = 12.3;
				MARKETING_VERSION = 1.0;
				PRODUCT_BUNDLE_IDENTIFIER = "io.github.mshibanami.Example--macOS-";
				PRODUCT_NAME = "$(TARGET_NAME)";
				SDKROOT = macosx;
				SWIFT_EMIT_LOC_STRINGS = YES;
				SWIFT_VERSION = 5.0;
			};
			name = Debug;
		};
		00A1DAE428B9AF2C00C5016B /* Release */ = {
			isa = XCBuildConfiguration;
			buildSettings = {
				ASSETCATALOG_COMPILER_APPICON_NAME = AppIcon;
				ASSETCATALOG_COMPILER_GLOBAL_ACCENT_COLOR_NAME = AccentColor;
				CODE_SIGN_ENTITLEMENTS = "Example (macOS)/Example__macOS_.entitlements";
				CODE_SIGN_STYLE = Automatic;
				COMBINE_HIDPI_IMAGES = YES;
				CURRENT_PROJECT_VERSION = 1;
				DEVELOPMENT_ASSET_PATHS = "\"Example (macOS)/Preview Content\"";
				DEVELOPMENT_TEAM = ZVWN4UJS9M;
				ENABLE_HARDENED_RUNTIME = YES;
				ENABLE_PREVIEWS = YES;
				GENERATE_INFOPLIST_FILE = YES;
				INFOPLIST_KEY_NSHumanReadableCopyright = "";
				LD_RUNPATH_SEARCH_PATHS = (
					"$(inherited)",
					"@executable_path/../Frameworks",
				);
				MACOSX_DEPLOYMENT_TARGET = 12.3;
				MARKETING_VERSION = 1.0;
				PRODUCT_BUNDLE_IDENTIFIER = "io.github.mshibanami.Example--macOS-";
				PRODUCT_NAME = "$(TARGET_NAME)";
				SDKROOT = macosx;
				SWIFT_EMIT_LOC_STRINGS = YES;
				SWIFT_VERSION = 5.0;
			};
			name = Release;
		};
/* End XCBuildConfiguration section */

/* Begin XCConfigurationList section */
		00A1DABC28B9AEE900C5016B /* Build configuration list for PBXProject "Example" */ = {
			isa = XCConfigurationList;
			buildConfigurations = (
				00A1DACD28B9AEEA00C5016B /* Debug */,
				00A1DACE28B9AEEA00C5016B /* Release */,
			);
			defaultConfigurationIsVisible = 0;
			defaultConfigurationName = Release;
		};
		00A1DACF28B9AEEA00C5016B /* Build configuration list for PBXNativeTarget "Example (iOS)" */ = {
			isa = XCConfigurationList;
			buildConfigurations = (
				00A1DAD028B9AEEA00C5016B /* Debug */,
				00A1DAD128B9AEEA00C5016B /* Release */,
			);
			defaultConfigurationIsVisible = 0;
			defaultConfigurationName = Release;
		};
		00A1DAE228B9AF2C00C5016B /* Build configuration list for PBXNativeTarget "Example (macOS)" */ = {
			isa = XCConfigurationList;
			buildConfigurations = (
				00A1DAE328B9AF2C00C5016B /* Debug */,
				00A1DAE428B9AF2C00C5016B /* Release */,
			);
			defaultConfigurationIsVisible = 0;
			defaultConfigurationName = Release;
		};
/* End XCConfigurationList section */

/* Begin XCSwiftPackageProductDependency section */
		0057CE0D28B9B09B005A105A /* ResizingTextView */ = {
			isa = XCSwiftPackageProductDependency;
			productName = ResizingTextView;
		};
		0057CE0F28B9B0A2005A105A /* ResizingTextView */ = {
			isa = XCSwiftPackageProductDependency;
			productName = ResizingTextView;
		};
/* End XCSwiftPackageProductDependency section */
	};
	rootObject = 00A1DAB928B9AEE900C5016B /* Project object */;
}
